PODS:
  - Alamofire (4.7.2)
  - BigInt (3.0.1):
    - SipHash (~> 1.2)
  - CryptoSwift (0.9.0)
  - FBSnapshotTestCase (2.1.4):
    - FBSnapshotTestCase/SwiftSupport (= 2.1.4)
  - FBSnapshotTestCase/Core (2.1.4)
  - FBSnapshotTestCase/SwiftSupport (2.1.4):
    - FBSnapshotTestCase/Core
  - MinterCore (0.1.4):
    - Alamofire (~> 4.6)
    - BigInt (~> 3.0)
    - CryptoSwift (~> 0.9)
    - ObjectMapper (~> 3.1)
    - secp256k1.swift (~> 0.1)
  - MinterExplorer (0.1.1):
    - MinterCore
  - Nimble (7.0.3)
  - Nimble-Snapshots (6.3.0):
    - Nimble-Snapshots/Core (= 6.3.0)
  - Nimble-Snapshots/Core (6.3.0):
    - FBSnapshotTestCase (~> 2.0)
    - Nimble (~> 7.0)
  - ObjectMapper (3.1.0)
  - Quick (1.2.0)
  - secp256k1.swift (0.1.4)
  - SipHash (1.2.0)

DEPENDENCIES:
  - FBSnapshotTestCase (~> 2.1.4)
  - MinterCore (from `../../MinterCore`)
  - MinterExplorer (from `../`)
  - Nimble (~> 7.0.2)
  - Nimble-Snapshots (~> 6.3.0)
  - Quick (~> 1.2.0)

SPEC REPOS:
  https://github.com/cocoapods/specs.git:
    - Alamofire
    - BigInt
    - CryptoSwift
    - FBSnapshotTestCase
    - Nimble
    - Nimble-Snapshots
    - ObjectMapper
    - Quick
    - secp256k1.swift
    - SipHash

EXTERNAL SOURCES:
  MinterCore:
    :path: "../../MinterCore"
  MinterExplorer:
    :path: "../"

SPEC CHECKSUMS:
  Alamofire: e4fa87002c137ba2d8d634d2c51fabcda0d5c223
  BigInt: 8e8a52161c745cd3ab78e3dc346a9fbee51e6cf6
  CryptoSwift: bca8c5b653dcc2d9734409242a070ff53bafac86
  FBSnapshotTestCase: 094f9f314decbabe373b87cc339bea235a63e07a
  MinterCore: 0659b2bcd811f9a2666cd6a2f16116d65203b09d
  MinterExplorer: 402f5d42cfa898e698402d6c8f8a41eef3dd5c78
  Nimble: 7f5a9c447a33002645a071bddafbfb24ea70e0ac
  Nimble-Snapshots: f5459b5b091678dc942d03ec4741cacb58ba4a52
  ObjectMapper: 20505058f54e5c3ca69e1d6de9897d152a5369a6
  Quick: 58d203b1c5e27fff7229c4c1ae445ad7069a7a08
  secp256k1.swift: a7e7a214f6db6ce5db32cc6b2b45e5c4dd633634
  SipHash: c6e9e43e9c531b5bc6602545130c26194a6d31ce

PODFILE CHECKSUM: ce91b70a23dace74e91f8a3d31f142e02101aa33

COCOAPODS: 1.5.3
